// !$*UTF8*$!
{
	archiveVersion = 1;
	classes = {
	};
	objectVersion = 46;
	objects = {

/* Begin PBXBuildFile section */
		139B38251BB9D9B400384F2E /* main.m in Sources */ = {isa = PBXBuildFile; fileRef = 139B38241BB9D9B400384F2E /* main.m */; };
		139B38281BB9D9B400384F2E /* AppDelegate.m in Sources */ = {isa = PBXBuildFile; fileRef = 139B38271BB9D9B400384F2E /* AppDelegate.m */; };
		139B382B1BB9D9B400384F2E /* ViewController.m in Sources */ = {isa = PBXBuildFile; fileRef = 139B382A1BB9D9B400384F2E /* ViewController.m */; };
		139B382E1BB9D9B400384F2E /* Main.storyboard in Resources */ = {isa = PBXBuildFile; fileRef = 139B382C1BB9D9B400384F2E /* Main.storyboard */; };
		139B38301BB9D9B400384F2E /* Images.xcassets in Resources */ = {isa = PBXBuildFile; fileRef = 139B382F1BB9D9B400384F2E /* Images.xcassets */; };
		139B38331BB9D9B400384F2E /* LaunchScreen.xib in Resources */ = {isa = PBXBuildFile; fileRef = 139B38311BB9D9B400384F2E /* LaunchScreen.xib */; };
		139B383F1BB9D9B400384F2E /* MusselsTests.m in Sources */ = {isa = PBXBuildFile; fileRef = 139B383E1BB9D9B400384F2E /* MusselsTests.m */; };
/* End PBXBuildFile section */

/* Begin PBXContainerItemProxy section */
		139B38391BB9D9B400384F2E /* PBXContainerItemProxy */ = {
			isa = PBXContainerItemProxy;
			containerPortal = 139B38171BB9D9B300384F2E /* Project object */;
			proxyType = 1;
			remoteGlobalIDString = 139B381E1BB9D9B300384F2E;
			remoteInfo = Mussels;
		};
/* End PBXContainerItemProxy section */

/* Begin PBXFileReference section */
		139B381F1BB9D9B300384F2E /* Mussels.app */ = {isa = PBXFileReference; explicitFileType = wrapper.application; includeInIndex = 0; path = Mussels.app; sourceTree = BUILT_PRODUCTS_DIR; };
		139B38231BB9D9B400384F2E /* Info.plist */ = {isa = PBXFileReference; lastKnownFileType = text.plist.xml; path = Info.plist; sourceTree = "<group>"; };
		139B38241BB9D9B400384F2E /* main.m */ = {isa = PBXFileReference; lastKnownFileType = sourcecode.c.objc; path = main.m; sourceTree = "<group>"; };
		139B38261BB9D9B400384F2E /* AppDelegate.h */ = {isa = PBXFileReference; lastKnownFileType = sourcecode.c.h; path = AppDelegate.h; sourceTree = "<group>"; };
		139B38271BB9D9B400384F2E /* AppDelegate.m */ = {isa = PBXFileReference; lastKnownFileType = sourcecode.c.objc; path = AppDelegate.m; sourceTree = "<group>"; };
		139B38291BB9D9B400384F2E /* ViewController.h */ = {isa = PBXFileReference; lastKnownFileType = sourcecode.c.h; path = ViewController.h; sourceTree = "<group>"; };
		139B382A1BB9D9B400384F2E /* ViewController.m */ = {isa = PBXFileReference; lastKnownFileType = sourcecode.c.objc; path = ViewController.m; sourceTree = "<group>"; };
		139B382D1BB9D9B400384F2E /* Base */ = {isa = PBXFileReference; lastKnownFileType = file.storyboard; name = Base; path = Base.lproj/Main.storyboard; sourceTree = "<group>"; };
		139B382F1BB9D9B400384F2E /* Images.xcassets */ = {isa = PBXFileReference; lastKnownFileType = folder.assetcatalog; path = Images.xcassets; sourceTree = "<group>"; };
		139B38321BB9D9B400384F2E /* Base */ = {isa = PBXFileReference; lastKnownFileType = file.xib; name = Base; path = Base.lproj/LaunchScreen.xib; sourceTree = "<group>"; };
		139B38381BB9D9B400384F2E /* MusselsTests.xctest */ = {isa = PBXFileReference; explicitFileType = wrapper.cfbundle; includeInIndex = 0; path = MusselsTests.xctest; sourceTree = BUILT_PRODUCTS_DIR; };
		139B383D1BB9D9B400384F2E /* Info.plist */ = {isa = PBXFileReference; lastKnownFileType = text.plist.xml; path = Info.plist; sourceTree = "<group>"; };
		139B383E1BB9D9B400384F2E /* MusselsTests.m */ = {isa = PBXFileReference; lastKnownFileType = sourcecode.c.objc; path = MusselsTests.m; sourceTree = "<group>"; };
/* End PBXFileReference section */

/* Begin PBXFrameworksBuildPhase section */
		139B381C1BB9D9B300384F2E /* Frameworks */ = {
			isa = PBXFrameworksBuildPhase;
			buildActionMask = 2147483647;
			files = (
			);
			runOnlyForDeploymentPostprocessing = 0;
		};
		139B38351BB9D9B400384F2E /* Frameworks */ = {
			isa = PBXFrameworksBuildPhase;
			buildActionMask = 2147483647;
			files = (
			);
			runOnlyForDeploymentPostprocessing = 0;
		};
/* End PBXFrameworksBuildPhase section */

/* Begin PBXGroup section */
		139B38161BB9D9B300384F2E = {
			isa = PBXGroup;
			children = (
				139B38211BB9D9B300384F2E /* Mussels */,
				139B383B1BB9D9B400384F2E /* MusselsTests */,
				139B38201BB9D9B300384F2E /* Products */,
			);
			sourceTree = "<group>";
		};
		139B38201BB9D9B300384F2E /* Products */ = {
			isa = PBXGroup;
			children = (
				139B381F1BB9D9B300384F2E /* Mussels.app */,
				139B38381BB9D9B400384F2E /* MusselsTests.xctest */,
			);
			name = Products;
			sourceTree = "<group>";
		};
		139B38211BB9D9B300384F2E /* Mussels */ = {
			isa = PBXGroup;
			children = (
				139B38261BB9D9B400384F2E /* AppDelegate.h */,
				139B38271BB9D9B400384F2E /* AppDelegate.m */,
				139B38291BB9D9B400384F2E /* ViewController.h */,
				139B382A1BB9D9B400384F2E /* ViewController.m */,
				139B382C1BB9D9B400384F2E /* Main.storyboard */,
				139B382F1BB9D9B400384F2E /* Images.xcassets */,
				139B38311BB9D9B400384F2E /* LaunchScreen.xib */,
				139B38221BB9D9B400384F2E /* Supporting Files */,
			);
			path = Mussels;
			sourceTree = "<group>";
		};
		139B38221BB9D9B400384F2E /* Supporting Files */ = {
			isa = PBXGroup;
			children = (
				139B38231BB9D9B400384F2E /* Info.plist */,
				139B38241BB9D9B400384F2E /* main.m */,
			);
			name = "Supporting Files";
			sourceTree = "<group>";
		};
		139B383B1BB9D9B400384F2E /* MusselsTests */ = {
			isa = PBXGroup;
			children = (
				139B383E1BB9D9B400384F2E /* MusselsTests.m */,
				139B383C1BB9D9B400384F2E /* Supporting Files */,
			);
			path = MusselsTests;
			sourceTree = "<group>";
		};
		139B383C1BB9D9B400384F2E /* Supporting Files */ = {
			isa = PBXGroup;
			children = (
				139B383D1BB9D9B400384F2E /* Info.plist */,
			);
			name = "Supporting Files";
			sourceTree = "<group>";
		};
/* End PBXGroup section */

/* Begin PBXNativeTarget section */
		139B381E1BB9D9B300384F2E /* Mussels */ = {
			isa = PBXNativeTarget;
			buildConfigurationList = 139B38421BB9D9B400384F2E /* Build configuration list for PBXNativeTarget "Mussels" */;
			buildPhases = (
				139B381B1BB9D9B300384F2E /* Sources */,
				139B381C1BB9D9B300384F2E /* Frameworks */,
				139B381D1BB9D9B300384F2E /* Resources */,
			);
			buildRules = (
			);
			dependencies = (
			);
			name = Mussels;
			productName = Mussels;
			productReference = 139B381F1BB9D9B300384F2E /* Mussels.app */;
			productType = "com.apple.product-type.application";
		};
		139B38371BB9D9B400384F2E /* MusselsTests */ = {
			isa = PBXNativeTarget;
			buildConfigurationList = 139B38451BB9D9B400384F2E /* Build configuration list for PBXNativeTarget "MusselsTests" */;
			buildPhases = (
				139B38341BB9D9B400384F2E /* Sources */,
				139B38351BB9D9B400384F2E /* Frameworks */,
				139B38361BB9D9B400384F2E /* Resources */,
			);
			buildRules = (
			);
			dependencies = (
				139B383A1BB9D9B400384F2E /* PBXTargetDependency */,
			);
			name = MusselsTests;
			productName = MusselsTests;
			productReference = 139B38381BB9D9B400384F2E /* MusselsTests.xctest */;
			productType = "com.apple.product-type.bundle.unit-test";
		};
/* End PBXNativeTarget section */

/* Begin PBXProject section */
		139B38171BB9D9B300384F2E /* Project object */ = {
			isa = PBXProject;
			attributes = {
				LastUpgradeCheck = 0640;
				ORGANIZATIONNAME = "Xiao Yao";
				TargetAttributes = {
					139B381E1BB9D9B300384F2E = {
						CreatedOnToolsVersion = 6.4;
					};
					139B38371BB9D9B400384F2E = {
						CreatedOnToolsVersion = 6.4;
						TestTargetID = 139B381E1BB9D9B300384F2E;
					};
				};
			};
			buildConfigurationList = 139B381A1BB9D9B300384F2E /* Build configuration list for PBXProject "Mussels" */;
			compatibilityVersion = "Xcode 3.2";
			developmentRegion = English;
			hasScannedForEncodings = 0;
			knownRegions = (
				en,
				Base,
			);
			mainGroup = 139B38161BB9D9B300384F2E;
			productRefGroup = 139B38201BB9D9B300384F2E /* Products */;
			projectDirPath = "";
			projectRoot = "";
			targets = (
				139B381E1BB9D9B300384F2E /* Mussels */,
				139B38371BB9D9B400384F2E /* MusselsTests */,
			);
		};
/* End PBXProject section */

/* Begin PBXResourcesBuildPhase section */
		139B381D1BB9D9B300384F2E /* Resources */ = {
			isa = PBXResourcesBuildPhase;
			buildActionMask = 2147483647;
			files = (
				139B382E1BB9D9B400384F2E /* Main.storyboard in Resources */,
				139B38331BB9D9B400384F2E /* LaunchScreen.xib in Resources */,
				139B38301BB9D9B400384F2E /* Images.xcassets in Resources */,
			);
			runOnlyForDeploymentPostprocessing = 0;
		};
		139B38361BB9D9B400384F2E /* Resources */ = {
			isa = PBXResourcesBuildPhase;
			buildActionMask = 2147483647;
			files = (
			);
			runOnlyForDeploymentPostprocessing = 0;
		};
/* End PBXResourcesBuildPhase section */

/* Begin PBXSourcesBuildPhase section */
		139B381B1BB9D9B300384F2E /* Sources */ = {
			isa = PBXSourcesBuildPhase;
			buildActionMask = 2147483647;
			files = (
				139B382B1BB9D9B400384F2E /* ViewController.m in Sources */,
				139B38281BB9D9B400384F2E /* AppDelegate.m in Sources */,
				139B38251BB9D9B400384F2E /* main.m in Sources */,
			);
			runOnlyForDeploymentPostprocessing = 0;
		};
		139B38341BB9D9B400384F2E /* Sources */ = {
			isa = PBXSourcesBuildPhase;
			buildActionMask = 2147483647;
			files = (
				139B383F1BB9D9B400384F2E /* MusselsTests.m in Sources */,
			);
			runOnlyForDeploymentPostprocessing = 0;
		};
/* End PBXSourcesBuildPhase section */

/* Begin PBXTargetDependency section */
		139B383A1BB9D9B400384F2E /* PBXTargetDependency */ = {
			isa = PBXTargetDependency;
			target = 139B381E1BB9D9B300384F2E /* Mussels */;
			targetProxy = 139B38391BB9D9B400384F2E /* PBXContainerItemProxy */;
		};
/* End PBXTargetDependency section */

/* Begin PBXVariantGroup section */
		139B382C1BB9D9B400384F2E /* Main.storyboard */ = {
			isa = PBXVariantGroup;
			children = (
				139B382D1BB9D9B400384F2E /* Base */,
			);
			name = Main.storyboard;
			sourceTree = "<group>";
		};
		139B38311BB9D9B400384F2E /* LaunchScreen.xib */ = {
			isa = PBXVariantGroup;
			children = (
				139B38321BB9D9B400384F2E /* Base */,
			);
			name = LaunchScreen.xib;
			sourceTree = "<group>";
		};
/* End PBXVariantGroup section */

/* Begin XCBuildConfiguration section */
		139B38401BB9D9B400384F2E /* Debug */ = {
			isa = XCBuildConfiguration;
			buildSettings = {
				ALWAYS_SEARCH_USER_PATHS = NO;
				CLANG_CXX_LANGUAGE_STANDARD = "gnu++0x";
				CLANG_CXX_LIBRARY = "libc++";
				CLANG_ENABLE_MODULES = YES;
				CLANG_ENABLE_OBJC_ARC = YES;
				CLANG_WARN_BOOL_CONVERSION = YES;
				CLANG_WARN_CONSTANT_CONVERSION = YES;
				CLANG_WARN_DIRECT_OBJC_ISA_USAGE = YES_ERROR;
				CLANG_WARN_EMPTY_BODY = YES;
				CLANG_WARN_ENUM_CONVERSION = YES;
				CLANG_WARN_INT_CONVERSION = YES;
				CLANG_WARN_OBJC_ROOT_CLASS = YES_ERROR;
				CLANG_WARN_UNREACHABLE_CODE = YES;
				CLANG_WARN__DUPLICATE_METHOD_MATCH = YES;
				"CODE_SIGN_IDENTITY[sdk=iphoneos*]" = "iPhone Developer";
				COPY_PHASE_STRIP = NO;
				DEBUG_INFORMATION_FORMAT = "dwarf-with-dsym";
				ENABLE_STRICT_OBJC_MSGSEND = YES;
				GCC_C_LANGUAGE_STANDARD = gnu99;
				GCC_DYNAMIC_NO_PIC = NO;
				GCC_NO_COMMON_BLOCKS = YES;
				GCC_OPTIMIZATION_LEVEL = 0;
				GCC_PREPROCESSOR_DEFINITIONS = (
					"DEBUG=1",
					"$(inherited)",
				);
				GCC_SYMBOLS_PRIVATE_EXTERN = NO;
				GCC_WARN_64_TO_32_BIT_CONVERSION = YES;
				GCC_WARN_ABOUT_RETURN_TYPE = YES_ERROR;
				GCC_WARN_UNDECLARED_SELECTOR = YES;
				GCC_WARN_UNINITIALIZED_AUTOS = YES_AGGRESSIVE;
				GCC_WARN_UNUSED_FUNCTION = YES;
				GCC_WARN_UNUSED_VARIABLE = YES;
				IPHONEOS_DEPLOYMENT_TARGET = 8.4;
				MTL_ENABLE_DEBUG_INFO = YES;
				ONLY_ACTIVE_ARCH = YES;
				SDKROOT = iphoneos;
				TARGETED_DEVICE_FAMILY = "1,2";
			};
			name = Debug;
		};
		139B38411BB9D9B400384F2E /* Release */ = {
			isa = XCBuildConfiguration;
			buildSettings = {
				ALWAYS_SEARCH_USER_PATHS = NO;
				CLANG_CXX_LANGUAGE_STANDARD = "gnu++0x";
				CLANG_CXX_LIBRARY = "libc++";
				CLANG_ENABLE_MODULES = YES;
				CLANG_ENABLE_OBJC_ARC = YES;
				CLANG_WARN_BOOL_CONVERSION = YES;
				CLANG_WARN_CONSTANT_CONVERSION = YES;
				CLANG_WARN_DIRECT_OBJC_ISA_USAGE = YES_ERROR;
				CLANG_WARN_EMPTY_BODY = YES;
				CLANG_WARN_ENUM_CONVERSION = YES;
				CLANG_WARN_INT_CONVERSION = YES;
				CLANG_WARN_OBJC_ROOT_CLASS = YES_ERROR;
				CLANG_WARN_UNREACHABLE_CODE = YES;
				CLANG_WARN__DUPLICATE_METHOD_MATCH = YES;
				"CODE_SIGN_IDENTITY[sdk=iphoneos*]" = "iPhone Developer";
				COPY_PHASE_STRIP = NO;
				DEBUG_INFORMATION_FORMAT = "dwarf-with-dsym";
				ENABLE_NS_ASSERTIONS = NO;
				ENABLE_STRICT_OBJC_MSGSEND = YES;
				GCC_C_LANGUAGE_STANDARD = gnu99;
				GCC_NO_COMMON_BLOCKS = YES;
				GCC_WARN_64_TO_32_BIT_CONVERSION = YES;
				GCC_WARN_ABOUT_RETURN_TYPE = YES_ERROR;
				GCC_WARN_UNDECLARED_SELECTOR = YES;
				GCC_WARN_UNINITIALIZED_AUTOS = YES_AGGRESSIVE;
				GCC_WARN_UNUSED_FUNCTION = YES;
				GCC_WARN_UNUSED_VARIABLE = YES;
				IPHONEOS_DEPLOYMENT_TARGET = 8.4;
				MTL_ENABLE_DEBUG_INFO = NO;
				SDKROOT = iphoneos;
				TARGETED_DEVICE_FAMILY = "1,2";
				VALIDATE_PRODUCT = YES;
			};
			name = Release;
		};
		139B38431BB9D9B400384F2E /* Debug */ = {
			isa = XCBuildConfiguration;
			buildSettings = {
				ASSETCATALOG_COMPILER_APPICON_NAME = AppIcon;
				INFOPLIST_FILE = Mussels/Info.plist;
				LD_RUNPATH_SEARCH_PATHS = "$(inherited) @executable_path/Frameworks";
				PRODUCT_NAME = "$(TARGET_NAME)";
			};
			name = Debug;
		};
		139B38441BB9D9B400384F2E /* Release */ = {
			isa = XCBuildConfiguration;
			buildSettings = {
				ASSETCATALOG_COMPILER_APPICON_NAME = AppIcon;
				INFOPLIST_FILE = Mussels/Info.plist;
				LD_RUNPATH_SEARCH_PATHS = "$(inherited) @executable_path/Frameworks";
				PRODUCT_NAME = "$(TARGET_NAME)";
			};
			name = Release;
		};
		139B38461BB9D9B400384F2E /* Debug */ = {
			isa = XCBuildConfiguration;
			buildSettings = {
				BUNDLE_LOADER = "$(TEST_HOST)";
				FRAMEWORK_SEARCH_PATHS = (
					"$(SDKROOT)/Developer/Library/Frameworks",
					"$(inherited)",
				);
				GCC_PREPROCESSOR_DEFINITIONS = (
					"DEBUG=1",
					"$(inherited)",
				);
				INFOPLIST_FILE = MusselsTests/Info.plist;
				LD_RUNPATH_SEARCH_PATHS = "$(inherited) @executable_path/Frameworks @loader_path/Frameworks";
				PRODUCT_NAME = "$(TARGET_NAME)";
				TEST_HOST = "$(BUILT_PRODUCTS_DIR)/Mussels.app/Mussels";
			};
			name = Debug;
		};
		139B38471BB9D9B400384F2E /* Release */ = {
			isa = XCBuildConfiguration;
			buildSettings = {
				BUNDLE_LOADER = "$(TEST_HOST)";
				FRAMEWORK_SEARCH_PATHS = (
					"$(SDKROOT)/Developer/Library/Frameworks",
					"$(inherited)",
				);
				INFOPLIST_FILE = MusselsTests/Info.plist;
				LD_RUNPATH_SEARCH_PATHS = "$(inherited) @executable_path/Frameworks @loader_path/Frameworks";
				PRODUCT_NAME = "$(TARGET_NAME)";
				TEST_HOST = "$(BUILT_PRODUCTS_DIR)/Mussels.app/Mussels";
			};
			name = Release;
		};
/* End XCBuildConfiguration section */

/* Begin XCConfigurationList section */
		139B381A1BB9D9B300384F2E /* Build configuration list for PBXProject "Mussels" */ = {
			isa = XCConfigurationList;
			buildConfigurations = (
				139B38401BB9D9B400384F2E /* Debug */,
				139B38411BB9D9B400384F2E /* Release */,
			);
			defaultConfigurationIsVisible = 0;
			defaultConfigurationName = Release;
		};
		139B38421BB9D9B400384F2E /* Build configuration list for PBXNativeTarget "Mussels" */ = {
			isa = XCConfigurationList;
			buildConfigurations = (
				139B38431BB9D9B400384F2E /* Debug */,
				139B38441BB9D9B400384F2E /* Release */,
			);
			defaultConfigurationIsVisible = 0;
		};
		139B38451BB9D9B400384F2E /* Build configuration list for PBXNativeTarget "MusselsTests" */ = {
			isa = XCConfigurationList;
			buildConfigurations = (
				139B38461BB9D9B400384F2E /* Debug */,
				139B38471BB9D9B400384F2E /* Release */,
			);
			defaultConfigurationIsVisible = 0;
		};
/* End XCConfigurationList section */
	};
	rootObject = 139B38171BB9D9B300384F2E /* Project object */;
}
